
Microsoft Visual Studio Solution File, Format Version 12.00
# Visual Studio Version 16
VisualStudioVersion = 16.0.30413.136
MinimumVisualStudioVersion = 10.0.40219.1
Project("{FAE04EC0-301F-11D3-BF4B-00C04F79EFBC}") = "CSharpKit", "projs_csk\CSharpKit\CSharpKit.csproj", "{E813B214-F5F5-40A3-9606-A3B767BB3A6B}"
EndProject
Project("{FAE04EC0-301F-11D3-BF4B-00C04F79EFBC}") = "CSharpKit.Core", "projs_csk\CSharpKit.Core\CSharpKit.Core.csproj", "{E6936347-B7EA-4CD5-B954-AC1B0D3EC4C5}"
EndProject
Project("{FAE04EC0-301F-11D3-BF4B-00C04F79EFBC}") = "CSharpKit.GeoApi", "projs_csk\CSharpKit.GeoApi\CSharpKit.GeoApi.csproj", "{975B1947-48E0-46E0-A309-663D0477B06F}"
EndProject
Project("{FAE04EC0-301F-11D3-BF4B-00C04F79EFBC}") = "CSharpKit.IO", "projs_csk\CSharpKit.IO\CSharpKit.IO.csproj", "{7C6C8525-61D5-4A4C-B51A-6E86848FB6E8}"
EndProject
Project("{FAE04EC0-301F-11D3-BF4B-00C04F79EFBC}") = "CSharpKit.IO.Compression", "projs_csk\CSharpKit.IO.Compression\CSharpKit.IO.Compression.csproj", "{6DB69226-6316-4CB2-BF2F-C27200A971BB}"
EndProject
Project("{FAE04EC0-301F-11D3-BF4B-00C04F79EFBC}") = "CSharpKit.Platform", "projs_csk\CSharpKit.Platform\CSharpKit.Platform.csproj", "{CE3256CC-E73B-4BB2-894B-7BF1CC1A2FB0}"
EndProject
Project("{FAE04EC0-301F-11D3-BF4B-00C04F79EFBC}") = "CSharpKit.Native", "projs_csk\CSharpKit.Native\CSharpKit.Native.csproj", "{E0519CE7-57F1-4B0C-8599-72BF8A30A2C1}"
EndProject
Project("{FAE04EC0-301F-11D3-BF4B-00C04F79EFBC}") = "CSharpKit.Native.HDF", "projs_csk\CSharpKit.Native.HDF\CSharpKit.Native.HDF.csproj", "{9D2CA424-EF7A-4BA7-BDCD-18E13CFA7692}"
EndProject
Project("{FAE04EC0-301F-11D3-BF4B-00C04F79EFBC}") = "CSharpKit.Data", "projs_csk\CSharpKit.Data\CSharpKit.Data.csproj", "{0D1CE64F-1F51-4881-BC64-2E6DCEB931C1}"
EndProject
Project("{FAE04EC0-301F-11D3-BF4B-00C04F79EFBC}") = "CSharpKit.Data.Esri", "projs_csk\CSharpKit.Data.Esri\CSharpKit.Data.Esri.csproj", "{5C38994F-F986-4DD5-B7DA-2F392661E068}"
EndProject
Project("{FAE04EC0-301F-11D3-BF4B-00C04F79EFBC}") = "CSharpKit.Maths", "projs_csk\CSharpKit.Maths\CSharpKit.Maths.csproj", "{0A5274FC-BE15-485F-A0BA-4B2DB9BDFEBC}"
EndProject
Global
	GlobalSection(SolutionProperties) = preSolution
		HideSolutionNode = FALSE
	EndGlobalSection
	GlobalSection(ExtensibilityGlobals) = postSolution
		SolutionGuid = {39A1ACAF-3D50-48F8-AEB5-D9A4F2C2CDB4}
	EndGlobalSection
	GlobalSection(SolutionConfigurationPlatforms) = preSolution
		Debug|Any CPU = Debug|Any CPU
		Debug|x64 = Debug|x64
		Debug|x86 = Debug|x86
		Release|Any CPU = Release|Any CPU
		Release|x64 = Release|x64
		Release|x86 = Release|x86
	EndGlobalSection
	GlobalSection(ProjectConfigurationPlatforms) = postSolution
		{E813B214-F5F5-40A3-9606-A3B767BB3A6B}.Debug|Any CPU.ActiveCfg = Debug|Any CPU
		{E813B214-F5F5-40A3-9606-A3B767BB3A6B}.Debug|Any CPU.Build.0 = Debug|Any CPU
		{E813B214-F5F5-40A3-9606-A3B767BB3A6B}.Debug|x64.ActiveCfg = Debug|Any CPU
		{E813B214-F5F5-40A3-9606-A3B767BB3A6B}.Debug|x64.Build.0 = Debug|Any CPU
		{E813B214-F5F5-40A3-9606-A3B767BB3A6B}.Debug|x86.ActiveCfg = Debug|Any CPU
		{E813B214-F5F5-40A3-9606-A3B767BB3A6B}.Debug|x86.Build.0 = Debug|Any CPU
		{E813B214-F5F5-40A3-9606-A3B767BB3A6B}.Release|Any CPU.ActiveCfg = Release|Any CPU
		{E813B214-F5F5-40A3-9606-A3B767BB3A6B}.Release|Any CPU.Build.0 = Release|Any CPU
		{E813B214-F5F5-40A3-9606-A3B767BB3A6B}.Release|x64.ActiveCfg = Release|Any CPU
		{E813B214-F5F5-40A3-9606-A3B767BB3A6B}.Release|x64.Build.0 = Release|Any CPU
		{E813B214-F5F5-40A3-9606-A3B767BB3A6B}.Release|x86.ActiveCfg = Release|Any CPU
		{E813B214-F5F5-40A3-9606-A3B767BB3A6B}.Release|x86.Build.0 = Release|Any CPU
		{E6936347-B7EA-4CD5-B954-AC1B0D3EC4C5}.Debug|Any CPU.ActiveCfg = Debug|Any CPU
		{E6936347-B7EA-4CD5-B954-AC1B0D3EC4C5}.Debug|Any CPU.Build.0 = Debug|Any CPU
		{E6936347-B7EA-4CD5-B954-AC1B0D3EC4C5}.Debug|x64.ActiveCfg = Debug|Any CPU
		{E6936347-B7EA-4CD5-B954-AC1B0D3EC4C5}.Debug|x64.Build.0 = Debug|Any CPU
		{E6936347-B7EA-4CD5-B954-AC1B0D3EC4C5}.Debug|x86.ActiveCfg = Debug|Any CPU
		{E6936347-B7EA-4CD5-B954-AC1B0D3EC4C5}.Debug|x86.Build.0 = Debug|Any CPU
		{E6936347-B7EA-4CD5-B954-AC1B0D3EC4C5}.Release|Any CPU.ActiveCfg = Release|Any CPU
		{E6936347-B7EA-4CD5-B954-AC1B0D3EC4C5}.Release|Any CPU.Build.0 = Release|Any CPU
		{E6936347-B7EA-4CD5-B954-AC1B0D3EC4C5}.Release|x64.ActiveCfg = Release|Any CPU
		{E6936347-B7EA-4CD5-B954-AC1B0D3EC4C5}.Release|x64.Build.0 = Release|Any CPU
		{E6936347-B7EA-4CD5-B954-AC1B0D3EC4C5}.Release|x86.ActiveCfg = Release|Any CPU
		{E6936347-B7EA-4CD5-B954-AC1B0D3EC4C5}.Release|x86.Build.0 = Release|Any CPU
		{975B1947-48E0-46E0-A309-663D0477B06F}.Debug|Any CPU.ActiveCfg = Debug|Any CPU
		{975B1947-48E0-46E0-A309-663D0477B06F}.Debug|Any CPU.Build.0 = Debug|Any CPU
		{975B1947-48E0-46E0-A309-663D0477B06F}.Debug|x64.ActiveCfg = Debug|Any CPU
		{975B1947-48E0-46E0-A309-663D0477B06F}.Debug|x64.Build.0 = Debug|Any CPU
		{975B1947-48E0-46E0-A309-663D0477B06F}.Debug|x86.ActiveCfg = Debug|Any CPU
		{975B1947-48E0-46E0-A309-663D0477B06F}.Debug|x86.Build.0 = Debug|Any CPU
		{975B1947-48E0-46E0-A309-663D0477B06F}.Release|Any CPU.ActiveCfg = Release|Any CPU
		{975B1947-48E0-46E0-A309-663D0477B06F}.Release|Any CPU.Build.0 = Release|Any CPU
		{975B1947-48E0-46E0-A309-663D0477B06F}.Release|x64.ActiveCfg = Release|Any CPU
		{975B1947-48E0-46E0-A309-663D0477B06F}.Release|x64.Build.0 = Release|Any CPU
		{975B1947-48E0-46E0-A309-663D0477B06F}.Release|x86.ActiveCfg = Release|Any CPU
		{975B1947-48E0-46E0-A309-663D0477B06F}.Release|x86.Build.0 = Release|Any CPU
		{7C6C8525-61D5-4A4C-B51A-6E86848FB6E8}.Debug|Any CPU.ActiveCfg = Debug|Any CPU
		{7C6C8525-61D5-4A4C-B51A-6E86848FB6E8}.Debug|Any CPU.Build.0 = Debug|Any CPU
		{7C6C8525-61D5-4A4C-B51A-6E86848FB6E8}.Debug|x64.ActiveCfg = Debug|Any CPU
		{7C6C8525-61D5-4A4C-B51A-6E86848FB6E8}.Debug|x64.Build.0 = Debug|Any CPU
		{7C6C8525-61D5-4A4C-B51A-6E86848FB6E8}.Debug|x86.ActiveCfg = Debug|Any CPU
		{7C6C8525-61D5-4A4C-B51A-6E86848FB6E8}.Debug|x86.Build.0 = Debug|Any CPU
		{7C6C8525-61D5-4A4C-B51A-6E86848FB6E8}.Release|Any CPU.ActiveCfg = Release|Any CPU
		{7C6C8525-61D5-4A4C-B51A-6E86848FB6E8}.Release|Any CPU.Build.0 = Release|Any CPU
		{7C6C8525-61D5-4A4C-B51A-6E86848FB6E8}.Release|x64.ActiveCfg = Release|Any CPU
		{7C6C8525-61D5-4A4C-B51A-6E86848FB6E8}.Release|x64.Build.0 = Release|Any CPU
		{7C6C8525-61D5-4A4C-B51A-6E86848FB6E8}.Release|x86.ActiveCfg = Release|Any CPU
		{7C6C8525-61D5-4A4C-B51A-6E86848FB6E8}.Release|x86.Build.0 = Release|Any CPU
		{6DB69226-6316-4CB2-BF2F-C27200A971BB}.Debug|Any CPU.ActiveCfg = Debug|Any CPU
		{6DB69226-6316-4CB2-BF2F-C27200A971BB}.Debug|Any CPU.Build.0 = Debug|Any CPU
		{6DB69226-6316-4CB2-BF2F-C27200A971BB}.Debug|x64.ActiveCfg = Debug|Any CPU
		{6DB69226-6316-4CB2-BF2F-C27200A971BB}.Debug|x64.Build.0 = Debug|Any CPU
		{6DB69226-6316-4CB2-BF2F-C27200A971BB}.Debug|x86.ActiveCfg = Debug|Any CPU
		{6DB69226-6316-4CB2-BF2F-C27200A971BB}.Debug|x86.Build.0 = Debug|Any CPU
		{6DB69226-6316-4CB2-BF2F-C27200A971BB}.Release|Any CPU.ActiveCfg = Release|Any CPU
		{6DB69226-6316-4CB2-BF2F-C27200A971BB}.Release|Any CPU.Build.0 = Release|Any CPU
		{6DB69226-6316-4CB2-BF2F-C27200A971BB}.Release|x64.ActiveCfg = Release|Any CPU
		{6DB69226-6316-4CB2-BF2F-C27200A971BB}.Release|x64.Build.0 = Release|Any CPU
		{6DB69226-6316-4CB2-BF2F-C27200A971BB}.Release|x86.ActiveCfg = Release|Any CPU
		{6DB69226-6316-4CB2-BF2F-C27200A971BB}.Release|x86.Build.0 = Release|Any CPU
		{CE3256CC-E73B-4BB2-894B-7BF1CC1A2FB0}.Debug|Any CPU.ActiveCfg = Debug|Any CPU
		{CE3256CC-E73B-4BB2-894B-7BF1CC1A2FB0}.Debug|Any CPU.Build.0 = Debug|Any CPU
		{CE3256CC-E73B-4BB2-894B-7BF1CC1A2FB0}.Debug|x64.ActiveCfg = Debug|Any CPU
		{CE3256CC-E73B-4BB2-894B-7BF1CC1A2FB0}.Debug|x64.Build.0 = Debug|Any CPU
		{CE3256CC-E73B-4BB2-894B-7BF1CC1A2FB0}.Debug|x86.ActiveCfg = Debug|Any CPU
		{CE3256CC-E73B-4BB2-894B-7BF1CC1A2FB0}.Debug|x86.Build.0 = Debug|Any CPU
		{CE3256CC-E73B-4BB2-894B-7BF1CC1A2FB0}.Release|Any CPU.ActiveCfg = Release|Any CPU
		{CE3256CC-E73B-4BB2-894B-7BF1CC1A2FB0}.Release|Any CPU.Build.0 = Release|Any CPU
		{CE3256CC-E73B-4BB2-894B-7BF1CC1A2FB0}.Release|x64.ActiveCfg = Release|Any CPU
		{CE3256CC-E73B-4BB2-894B-7BF1CC1A2FB0}.Release|x64.Build.0 = Release|Any CPU
		{CE3256CC-E73B-4BB2-894B-7BF1CC1A2FB0}.Release|x86.ActiveCfg = Release|Any CPU
		{CE3256CC-E73B-4BB2-894B-7BF1CC1A2FB0}.Release|x86.Build.0 = Release|Any CPU
		{E0519CE7-57F1-4B0C-8599-72BF8A30A2C1}.Debug|Any CPU.ActiveCfg = Debug|Any CPU
		{E0519CE7-57F1-4B0C-8599-72BF8A30A2C1}.Debug|Any CPU.Build.0 = Debug|Any CPU
		{E0519CE7-57F1-4B0C-8599-72BF8A30A2C1}.Debug|x64.ActiveCfg = Debug|Any CPU
		{E0519CE7-57F1-4B0C-8599-72BF8A30A2C1}.Debug|x64.Build.0 = Debug|Any CPU
		{E0519CE7-57F1-4B0C-8599-72BF8A30A2C1}.Debug|x86.ActiveCfg = Debug|Any CPU
		{E0519CE7-57F1-4B0C-8599-72BF8A30A2C1}.Debug|x86.Build.0 = Debug|Any CPU
		{E0519CE7-57F1-4B0C-8599-72BF8A30A2C1}.Release|Any CPU.ActiveCfg = Release|Any CPU
		{E0519CE7-57F1-4B0C-8599-72BF8A30A2C1}.Release|Any CPU.Build.0 = Release|Any CPU
		{E0519CE7-57F1-4B0C-8599-72BF8A30A2C1}.Release|x64.ActiveCfg = Release|Any CPU
		{E0519CE7-57F1-4B0C-8599-72BF8A30A2C1}.Release|x64.Build.0 = Release|Any CPU
		{E0519CE7-57F1-4B0C-8599-72BF8A30A2C1}.Release|x86.ActiveCfg = Release|Any CPU
		{E0519CE7-57F1-4B0C-8599-72BF8A30A2C1}.Release|x86.Build.0 = Release|Any CPU
		{9D2CA424-EF7A-4BA7-BDCD-18E13CFA7692}.Debug|Any CPU.ActiveCfg = Debug|Any CPU
		{9D2CA424-EF7A-4BA7-BDCD-18E13CFA7692}.Debug|Any CPU.Build.0 = Debug|Any CPU
		{9D2CA424-EF7A-4BA7-BDCD-18E13CFA7692}.Debug|x64.ActiveCfg = Debug|Any CPU
		{9D2CA424-EF7A-4BA7-BDCD-18E13CFA7692}.Debug|x64.Build.0 = Debug|Any CPU
		{9D2CA424-EF7A-4BA7-BDCD-18E13CFA7692}.Debug|x86.ActiveCfg = Debug|Any CPU
		{9D2CA424-EF7A-4BA7-BDCD-18E13CFA7692}.Debug|x86.Build.0 = Debug|Any CPU
		{9D2CA424-EF7A-4BA7-BDCD-18E13CFA7692}.Release|Any CPU.ActiveCfg = Release|Any CPU
		{9D2CA424-EF7A-4BA7-BDCD-18E13CFA7692}.Release|Any CPU.Build.0 = Release|Any CPU
		{9D2CA424-EF7A-4BA7-BDCD-18E13CFA7692}.Release|x64.ActiveCfg = Release|Any CPU
		{9D2CA424-EF7A-4BA7-BDCD-18E13CFA7692}.Release|x64.Build.0 = Release|Any CPU
		{9D2CA424-EF7A-4BA7-BDCD-18E13CFA7692}.Release|x86.ActiveCfg = Release|Any CPU
		{9D2CA424-EF7A-4BA7-BDCD-18E13CFA7692}.Release|x86.Build.0 = Release|Any CPU
		{0D1CE64F-1F51-4881-BC64-2E6DCEB931C1}.Debug|Any CPU.ActiveCfg = Debug|Any CPU
		{0D1CE64F-1F51-4881-BC64-2E6DCEB931C1}.Debug|Any CPU.Build.0 = Debug|Any CPU
		{0D1CE64F-1F51-4881-BC64-2E6DCEB931C1}.Debug|x64.ActiveCfg = Debug|Any CPU
		{0D1CE64F-1F51-4881-BC64-2E6DCEB931C1}.Debug|x64.Build.0 = Debug|Any CPU
		{0D1CE64F-1F51-4881-BC64-2E6DCEB931C1}.Debug|x86.ActiveCfg = Debug|Any CPU
		{0D1CE64F-1F51-4881-BC64-2E6DCEB931C1}.Debug|x86.Build.0 = Debug|Any CPU
		{0D1CE64F-1F51-4881-BC64-2E6DCEB931C1}.Release|Any CPU.ActiveCfg = Release|Any CPU
		{0D1CE64F-1F51-4881-BC64-2E6DCEB931C1}.Release|Any CPU.Build.0 = Release|Any CPU
		{0D1CE64F-1F51-4881-BC64-2E6DCEB931C1}.Release|x64.ActiveCfg = Release|Any CPU
		{0D1CE64F-1F51-4881-BC64-2E6DCEB931C1}.Release|x64.Build.0 = Release|Any CPU
		{0D1CE64F-1F51-4881-BC64-2E6DCEB931C1}.Release|x86.ActiveCfg = Release|Any CPU
		{0D1CE64F-1F51-4881-BC64-2E6DCEB931C1}.Release|x86.Build.0 = Release|Any CPU
		{5C38994F-F986-4DD5-B7DA-2F392661E068}.Debug|Any CPU.ActiveCfg = Debug|Any CPU
		{5C38994F-F986-4DD5-B7DA-2F392661E068}.Debug|Any CPU.Build.0 = Debug|Any CPU
		{5C38994F-F986-4DD5-B7DA-2F392661E068}.Debug|x64.ActiveCfg = Debug|Any CPU
		{5C38994F-F986-4DD5-B7DA-2F392661E068}.Debug|x64.Build.0 = Debug|Any CPU
		{5C38994F-F986-4DD5-B7DA-2F392661E068}.Debug|x86.ActiveCfg = Debug|Any CPU
		{5C38994F-F986-4DD5-B7DA-2F392661E068}.Debug|x86.Build.0 = Debug|Any CPU
		{5C38994F-F986-4DD5-B7DA-2F392661E068}.Release|Any CPU.ActiveCfg = Release|Any CPU
		{5C38994F-F986-4DD5-B7DA-2F392661E068}.Release|Any CPU.Build.0 = Release|Any CPU
		{5C38994F-F986-4DD5-B7DA-2F392661E068}.Release|x64.ActiveCfg = Release|Any CPU
		{5C38994F-F986-4DD5-B7DA-2F392661E068}.Release|x64.Build.0 = Release|Any CPU
		{5C38994F-F986-4DD5-B7DA-2F392661E068}.Release|x86.ActiveCfg = Release|Any CPU
		{5C38994F-F986-4DD5-B7DA-2F392661E068}.Release|x86.Build.0 = Release|Any CPU
		{0A5274FC-BE15-485F-A0BA-4B2DB9BDFEBC}.Debug|Any CPU.ActiveCfg = Debug|Any CPU
		{0A5274FC-BE15-485F-A0BA-4B2DB9BDFEBC}.Debug|Any CPU.Build.0 = Debug|Any CPU
		{0A5274FC-BE15-485F-A0BA-4B2DB9BDFEBC}.Debug|x64.ActiveCfg = Debug|Any CPU
		{0A5274FC-BE15-485F-A0BA-4B2DB9BDFEBC}.Debug|x64.Build.0 = Debug|Any CPU
		{0A5274FC-BE15-485F-A0BA-4B2DB9BDFEBC}.Debug|x86.ActiveCfg = Debug|Any CPU
		{0A5274FC-BE15-485F-A0BA-4B2DB9BDFEBC}.Debug|x86.Build.0 = Debug|Any CPU
		{0A5274FC-BE15-485F-A0BA-4B2DB9BDFEBC}.Release|Any CPU.ActiveCfg = Release|Any CPU
		{0A5274FC-BE15-485F-A0BA-4B2DB9BDFEBC}.Release|Any CPU.Build.0 = Release|Any CPU
		{0A5274FC-BE15-485F-A0BA-4B2DB9BDFEBC}.Release|x64.ActiveCfg = Release|Any CPU
		{0A5274FC-BE15-485F-A0BA-4B2DB9BDFEBC}.Release|x64.Build.0 = Release|Any CPU
		{0A5274FC-BE15-485F-A0BA-4B2DB9BDFEBC}.Release|x86.ActiveCfg = Release|Any CPU
		{0A5274FC-BE15-485F-A0BA-4B2DB9BDFEBC}.Release|x86.Build.0 = Release|Any CPU
	EndGlobalSection
EndGlobal
